
Microsoft Visual Studio Solution File, Format Version 12.00
# Visual Studio Version 17
VisualStudioVersion = 17.14.36414.22 d17.14
MinimumVisualStudioVersion = 10.0.40219.1
Project("{FAE04EC0-301F-11D3-BF4B-00C04F79EFBC}") = "TP2_LP1_Clase02", "TP2_LP1_Clase02\TP2_LP1_Clase02.csproj", "{609F7A6C-026D-4507-875D-CB41D66DB1A8}"
EndProject
Global
	GlobalSection(SolutionConfigurationPlatforms) = preSolution
		Debug|Any CPU = Debug|Any CPU
		Release|Any CPU = Release|Any CPU
	EndGlobalSection
	GlobalSection(ProjectConfigurationPlatforms) = postSolution
		{609F7A6C-026D-4507-875D-CB41D66DB1A8}.Debug|Any CPU.ActiveCfg = Debug|Any CPU
		{609F7A6C-026D-4507-875D-CB41D66DB1A8}.Debug|Any CPU.Build.0 = Debug|Any CPU
		{609F7A6C-026D-4507-875D-CB41D66DB1A8}.Release|Any CPU.ActiveCfg = Release|Any CPU
		{609F7A6C-026D-4507-875D-CB41D66DB1A8}.Release|Any CPU.Build.0 = Release|Any CPU
	EndGlobalSection
	GlobalSection(SolutionProperties) = preSolution
		HideSolutionNode = FALSE
	EndGlobalSection
	GlobalSection(ExtensibilityGlobals) = postSolution
		SolutionGuid = {257FC8BA-3864-4149-916D-28A4A004F048}
	EndGlobalSection
EndGlobal
